name: Test lock files
on:
  push:
    branches:
      - main
  pull_request: null

jobs:
  test:
    name: Test lock files
    runs-on: ${{ matrix.os }}
    strategy:
      fail-fast: false
      matrix:
        include:
          - os: windows-latest
            lock-file: conda-win-64.lock
          - os: ubuntu-latest
            lock-file: conda-linux-64.lock
          - os: macos-latest
            lock-file: conda-osx-64.lock
        os: [windows-latest, ubuntu-latest, macos-latest]
    defaults:
      run:
        shell: bash -l {0}
    steps:
      - uses: actions/checkout@v2

      - name: install from lockfile
        uses: ./
        with:
          environment-name: lock_test
          environment-file: .github/workflows/lockfiles/${{ matrix.lock-file }}

      - name: test environment name
        run: |
          python -c "import os; env = os.path.basename(os.environ['CONDA_PREFIX']); assert env == 'lock_test'"
